// !$*UTF8*$!
{
	archiveVersion = 1;
	classes = {
	};
	objectVersion = 56;
	objects = {

/* Begin PBXBuildFile section */
		B60EC2C329902ADE00F63D1E /* Assignment_Notebook_Revived_AgainApp.swift in Sources */ = {isa = PBXBuildFile; fileRef = B60EC2C229902ADE00F63D1E /* Assignment_Notebook_Revived_AgainApp.swift */; };
		B60EC2C529902ADE00F63D1E /* ContentView.swift in Sources */ = {isa = PBXBuildFile; fileRef = B60EC2C429902ADE00F63D1E /* ContentView.swift */; };
		B60EC2C729902ADF00F63D1E /* Assets.xcassets in Resources */ = {isa = PBXBuildFile; fileRef = B60EC2C629902ADF00F63D1E /* Assets.xcassets */; };
		B60EC2CA29902ADF00F63D1E /* Preview Assets.xcassets in Resources */ = {isa = PBXBuildFile; fileRef = B60EC2C929902ADF00F63D1E /* Preview Assets.xcassets */; };
		B60EC2D429902ADF00F63D1E /* Assignment_Notebook_Revived_AgainTests.swift in Sources */ = {isa = PBXBuildFile; fileRef = B60EC2D329902ADF00F63D1E /* Assignment_Notebook_Revived_AgainTests.swift */; };
		B60EC2DE29902ADF00F63D1E /* Assignment_Notebook_Revived_AgainUITests.swift in Sources */ = {isa = PBXBuildFile; fileRef = B60EC2DD29902ADF00F63D1E /* Assignment_Notebook_Revived_AgainUITests.swift */; };
		B60EC2E029902ADF00F63D1E /* Assignment_Notebook_Revived_AgainUITestsLaunchTests.swift in Sources */ = {isa = PBXBuildFile; fileRef = B60EC2DF29902ADF00F63D1E /* Assignment_Notebook_Revived_AgainUITestsLaunchTests.swift */; };
		B60EC2EF29902BA700F63D1E /* assignmentList.swift in Sources */ = {isa = PBXBuildFile; fileRef = B60EC2EE29902BA700F63D1E /* assignmentList.swift */; };
		B60EC2F129902BC000F63D1E /* AddItemView.swift in Sources */ = {isa = PBXBuildFile; fileRef = B60EC2F029902BC000F63D1E /* AddItemView.swift */; };
/* End PBXBuildFile section */

/* Begin PBXContainerItemProxy section */
		B60EC2D029902ADF00F63D1E /* PBXContainerItemProxy */ = {
			isa = PBXContainerItemProxy;
			containerPortal = B60EC2B729902ADE00F63D1E /* Project object */;
			proxyType = 1;
			remoteGlobalIDString = B60EC2BE29902ADE00F63D1E;
			remoteInfo = "Assignment Notebook Revived Again";
		};
		B60EC2DA29902ADF00F63D1E /* PBXContainerItemProxy */ = {
			isa = PBXContainerItemProxy;
			containerPortal = B60EC2B729902ADE00F63D1E /* Project object */;
			proxyType = 1;
			remoteGlobalIDString = B60EC2BE29902ADE00F63D1E;
			remoteInfo = "Assignment Notebook Revived Again";
		};
/* End PBXContainerItemProxy section */

/* Begin PBXFileReference section */
		B60EC2BF29902ADE00F63D1E /* Assignment Notebook Revived Again.app */ = {isa = PBXFileReference; explicitFileType = wrapper.application; includeInIndex = 0; path = "Assignment Notebook Revived Again.app"; sourceTree = BUILT_PRODUCTS_DIR; };
		B60EC2C229902ADE00F63D1E /* Assignment_Notebook_Revived_AgainApp.swift */ = {isa = PBXFileReference; lastKnownFileType = sourcecode.swift; path = Assignment_Notebook_Revived_AgainApp.swift; sourceTree = "<group>"; };
		B60EC2C429902ADE00F63D1E /* ContentView.swift */ = {isa = PBXFileReference; lastKnownFileType = sourcecode.swift; path = ContentView.swift; sourceTree = "<group>"; };
		B60EC2C629902ADF00F63D1E /* Assets.xcassets */ = {isa = PBXFileReference; lastKnownFileType = folder.assetcatalog; path = Assets.xcassets; sourceTree = "<group>"; };
		B60EC2C929902ADF00F63D1E /* Preview Assets.xcassets */ = {isa = PBXFileReference; lastKnownFileType = folder.assetcatalog; path = "Preview Assets.xcassets"; sourceTree = "<group>"; };
		B60EC2CF29902ADF00F63D1E /* Assignment Notebook Revived AgainTests.xctest */ = {isa = PBXFileReference; explicitFileType = wrapper.cfbundle; includeInIndex = 0; path = "Assignment Notebook Revived AgainTests.xctest"; sourceTree = BUILT_PRODUCTS_DIR; };
		B60EC2D329902ADF00F63D1E /* Assignment_Notebook_Revived_AgainTests.swift */ = {isa = PBXFileReference; lastKnownFileType = sourcecode.swift; path = Assignment_Notebook_Revived_AgainTests.swift; sourceTree = "<group>"; };
		B60EC2D929902ADF00F63D1E /* Assignment Notebook Revived AgainUITests.xctest */ = {isa = PBXFileReference; explicitFileType = wrapper.cfbundle; includeInIndex = 0; path = "Assignment Notebook Revived AgainUITests.xctest"; sourceTree = BUILT_PRODUCTS_DIR; };
		B60EC2DD29902ADF00F63D1E /* Assignment_Notebook_Revived_AgainUITests.swift */ = {isa = PBXFileReference; lastKnownFileType = sourcecode.swift; path = Assignment_Notebook_Revived_AgainUITests.swift; sourceTree = "<group>"; };
		B60EC2DF29902ADF00F63D1E /* Assignment_Notebook_Revived_AgainUITestsLaunchTests.swift */ = {isa = PBXFileReference; lastKnownFileType = sourcecode.swift; path = Assignment_Notebook_Revived_AgainUITestsLaunchTests.swift; sourceTree = "<group>"; };
		B60EC2EE29902BA700F63D1E /* assignmentList.swift */ = {isa = PBXFileReference; lastKnownFileType = sourcecode.swift; path = assignmentList.swift; sourceTree = "<group>"; };
		B60EC2F029902BC000F63D1E /* AddItemView.swift */ = {isa = PBXFileReference; lastKnownFileType = sourcecode.swift; path = AddItemView.swift; sourceTree = "<group>"; };
/* End PBXFileReference section */

/* Begin PBXFrameworksBuildPhase section */
		B60EC2BC29902ADE00F63D1E /* Frameworks */ = {
			isa = PBXFrameworksBuildPhase;
			buildActionMask = 2147483647;
			files = (
			);
			runOnlyForDeploymentPostprocessing = 0;
		};
		B60EC2CC29902ADF00F63D1E /* Frameworks */ = {
			isa = PBXFrameworksBuildPhase;
			buildActionMask = 2147483647;
			files = (
			);
			runOnlyForDeploymentPostprocessing = 0;
		};
		B60EC2D629902ADF00F63D1E /* Frameworks */ = {
			isa = PBXFrameworksBuildPhase;
			buildActionMask = 2147483647;
			files = (
			);
			runOnlyForDeploymentPostprocessing = 0;
		};
/* End PBXFrameworksBuildPhase section */

/* Begin PBXGroup section */
		B60EC2B629902ADE00F63D1E = {
			isa = PBXGroup;
			children = (
				B60EC2C129902ADE00F63D1E /* Assignment Notebook Revived Again */,
				B60EC2D229902ADF00F63D1E /* Assignment Notebook Revived AgainTests */,
				B60EC2DC29902ADF00F63D1E /* Assignment Notebook Revived AgainUITests */,
				B60EC2C029902ADE00F63D1E /* Products */,
			);
			sourceTree = "<group>";
		};
		B60EC2C029902ADE00F63D1E /* Products */ = {
			isa = PBXGroup;
			children = (
				B60EC2BF29902ADE00F63D1E /* Assignment Notebook Revived Again.app */,
				B60EC2CF29902ADF00F63D1E /* Assignment Notebook Revived AgainTests.xctest */,
				B60EC2D929902ADF00F63D1E /* Assignment Notebook Revived AgainUITests.xctest */,
			);
			name = Products;
			sourceTree = "<group>";
		};
		B60EC2C129902ADE00F63D1E /* Assignment Notebook Revived Again */ = {
			isa = PBXGroup;
			children = (
				B60EC2C229902ADE00F63D1E /* Assignment_Notebook_Revived_AgainApp.swift */,
				B60EC2C429902ADE00F63D1E /* ContentView.swift */,
				B60EC2EE29902BA700F63D1E /* assignmentList.swift */,
				B60EC2F029902BC000F63D1E /* AddItemView.swift */,
				B60EC2C629902ADF00F63D1E /* Assets.xcassets */,
				B60EC2C829902ADF00F63D1E /* Preview Content */,
			);
			path = "Assignment Notebook Revived Again";
			sourceTree = "<group>";
		};
		B60EC2C829902ADF00F63D1E /* Preview Content */ = {
			isa = PBXGroup;
			children = (
				B60EC2C929902ADF00F63D1E /* Preview Assets.xcassets */,
			);
			path = "Preview Content";
			sourceTree = "<group>";
		};
		B60EC2D229902ADF00F63D1E /* Assignment Notebook Revived AgainTests */ = {
			isa = PBXGroup;
			children = (
				B60EC2D329902ADF00F63D1E /* Assignment_Notebook_Revived_AgainTests.swift */,
			);
			path = "Assignment Notebook Revived AgainTests";
			sourceTree = "<group>";
		};
		B60EC2DC29902ADF00F63D1E /* Assignment Notebook Revived AgainUITests */ = {
			isa = PBXGroup;
			children = (
				B60EC2DD29902ADF00F63D1E /* Assignment_Notebook_Revived_AgainUITests.swift */,
				B60EC2DF29902ADF00F63D1E /* Assignment_Notebook_Revived_AgainUITestsLaunchTests.swift */,
			);
			path = "Assignment Notebook Revived AgainUITests";
			sourceTree = "<group>";
		};
/* End PBXGroup section */

/* Begin PBXNativeTarget section */
		B60EC2BE29902ADE00F63D1E /* Assignment Notebook Revived Again */ = {
			isa = PBXNativeTarget;
			buildConfigurationList = B60EC2E329902ADF00F63D1E /* Build configuration list for PBXNativeTarget "Assignment Notebook Revived Again" */;
			buildPhases = (
				B60EC2BB29902ADE00F63D1E /* Sources */,
				B60EC2BC29902ADE00F63D1E /* Frameworks */,
				B60EC2BD29902ADE00F63D1E /* Resources */,
			);
			buildRules = (
			);
			dependencies = (
			);
			name = "Assignment Notebook Revived Again";
			productName = "Assignment Notebook Revived Again";
			productReference = B60EC2BF29902ADE00F63D1E /* Assignment Notebook Revived Again.app */;
			productType = "com.apple.product-type.application";
		};
		B60EC2CE29902ADF00F63D1E /* Assignment Notebook Revived AgainTests */ = {
			isa = PBXNativeTarget;
			buildConfigurationList = B60EC2E629902ADF00F63D1E /* Build configuration list for PBXNativeTarget "Assignment Notebook Revived AgainTests" */;
			buildPhases = (
				B60EC2CB29902ADF00F63D1E /* Sources */,
				B60EC2CC29902ADF00F63D1E /* Frameworks */,
				B60EC2CD29902ADF00F63D1E /* Resources */,
			);
			buildRules = (
			);
			dependencies = (
				B60EC2D129902ADF00F63D1E /* PBXTargetDependency */,
			);
			name = "Assignment Notebook Revived AgainTests";
			productName = "Assignment Notebook Revived AgainTests";
			productReference = B60EC2CF29902ADF00F63D1E /* Assignment Notebook Revived AgainTests.xctest */;
			productType = "com.apple.product-type.bundle.unit-test";
		};
		B60EC2D829902ADF00F63D1E /* Assignment Notebook Revived AgainUITests */ = {
			isa = PBXNativeTarget;
			buildConfigurationList = B60EC2E929902ADF00F63D1E /* Build configuration list for PBXNativeTarget "Assignment Notebook Revived AgainUITests" */;
			buildPhases = (
				B60EC2D529902ADF00F63D1E /* Sources */,
				B60EC2D629902ADF00F63D1E /* Frameworks */,
				B60EC2D729902ADF00F63D1E /* Resources */,
			);
			buildRules = (
			);
			dependencies = (
				B60EC2DB29902ADF00F63D1E /* PBXTargetDependency */,
			);
			name = "Assignment Notebook Revived AgainUITests";
			productName = "Assignment Notebook Revived AgainUITests";
			productReference = B60EC2D929902ADF00F63D1E /* Assignment Notebook Revived AgainUITests.xctest */;
			productType = "com.apple.product-type.bundle.ui-testing";
		};
/* End PBXNativeTarget section */

/* Begin PBXProject section */
		B60EC2B729902ADE00F63D1E /* Project object */ = {
			isa = PBXProject;
			attributes = {
				BuildIndependentTargetsInParallel = 1;
				LastSwiftUpdateCheck = 1400;
				LastUpgradeCheck = 1400;
				TargetAttributes = {
					B60EC2BE29902ADE00F63D1E = {
						CreatedOnToolsVersion = 14.0;
					};
					B60EC2CE29902ADF00F63D1E = {
						CreatedOnToolsVersion = 14.0;
						TestTargetID = B60EC2BE29902ADE00F63D1E;
					};
					B60EC2D829902ADF00F63D1E = {
						CreatedOnToolsVersion = 14.0;
						TestTargetID = B60EC2BE29902ADE00F63D1E;
					};
				};
			};
			buildConfigurationList = B60EC2BA29902ADE00F63D1E /* Build configuration list for PBXProject "Assignment Notebook Revived Again" */;
			compatibilityVersion = "Xcode 14.0";
			developmentRegion = en;
			hasScannedForEncodings = 0;
			knownRegions = (
				en,
				Base,
			);
			mainGroup = B60EC2B629902ADE00F63D1E;
			productRefGroup = B60EC2C029902ADE00F63D1E /* Products */;
			projectDirPath = "";
			projectRoot = "";
			targets = (
				B60EC2BE29902ADE00F63D1E /* Assignment Notebook Revived Again */,
				B60EC2CE29902ADF00F63D1E /* Assignment Notebook Revived AgainTests */,
				B60EC2D829902ADF00F63D1E /* Assignment Notebook Revived AgainUITests */,
			);
		};
/* End PBXProject section */

/* Begin PBXResourcesBuildPhase section */
		B60EC2BD29902ADE00F63D1E /* Resources */ = {
			isa = PBXResourcesBuildPhase;
			buildActionMask = 2147483647;
			files = (
				B60EC2CA29902ADF00F63D1E /* Preview Assets.xcassets in Resources */,
				B60EC2C729902ADF00F63D1E /* Assets.xcassets in Resources */,
			);
			runOnlyForDeploymentPostprocessing = 0;
		};
		B60EC2CD29902ADF00F63D1E /* Resources */ = {
			isa = PBXResourcesBuildPhase;
			buildActionMask = 2147483647;
			files = (
			);
			runOnlyForDeploymentPostprocessing = 0;
		};
		B60EC2D729902ADF00F63D1E /* Resources */ = {
			isa = PBXResourcesBuildPhase;
			buildActionMask = 2147483647;
			files = (
			);
			runOnlyForDeploymentPostprocessing = 0;
		};
/* End PBXResourcesBuildPhase section */

/* Begin PBXSourcesBuildPhase section */
		B60EC2BB29902ADE00F63D1E /* Sources */ = {
			isa = PBXSourcesBuildPhase;
			buildActionMask = 2147483647;
			files = (
				B60EC2C529902ADE00F63D1E /* ContentView.swift in Sources */,
				B60EC2C329902ADE00F63D1E /* Assignment_Notebook_Revived_AgainApp.swift in Sources */,
				B60EC2EF29902BA700F63D1E /* assignmentList.swift in Sources */,
				B60EC2F129902BC000F63D1E /* AddItemView.swift in Sources */,
			);
			runOnlyForDeploymentPostprocessing = 0;
		};
		B60EC2CB29902ADF00F63D1E /* Sources */ = {
			isa = PBXSourcesBuildPhase;
			buildActionMask = 2147483647;
			files = (
				B60EC2D429902ADF00F63D1E /* Assignment_Notebook_Revived_AgainTests.swift in Sources */,
			);
			runOnlyForDeploymentPostprocessing = 0;
		};
		B60EC2D529902ADF00F63D1E /* Sources */ = {
			isa = PBXSourcesBuildPhase;
			buildActionMask = 2147483647;
			files = (
				B60EC2DE29902ADF00F63D1E /* Assignment_Notebook_Revived_AgainUITests.swift in Sources */,
				B60EC2E029902ADF00F63D1E /* Assignment_Notebook_Revived_AgainUITestsLaunchTests.swift in Sources */,
			);
			runOnlyForDeploymentPostprocessing = 0;
		};
/* End PBXSourcesBuildPhase section */

/* Begin PBXTargetDependency section */
		B60EC2D129902ADF00F63D1E /* PBXTargetDependency */ = {
			isa = PBXTargetDependency;
			target = B60EC2BE29902ADE00F63D1E /* Assignment Notebook Revived Again */;
			targetProxy = B60EC2D029902ADF00F63D1E /* PBXContainerItemProxy */;
		};
		B60EC2DB29902ADF00F63D1E /* PBXTargetDependency */ = {
			isa = PBXTargetDependency;
			target = B60EC2BE29902ADE00F63D1E /* Assignment Notebook Revived Again */;
			targetProxy = B60EC2DA29902ADF00F63D1E /* PBXContainerItemProxy */;
		};
/* End PBXTargetDependency section */

/* Begin XCBuildConfiguration section */
		B60EC2E129902ADF00F63D1E /* Debug */ = {
			isa = XCBuildConfiguration;
			buildSettings = {
				ALWAYS_SEARCH_USER_PATHS = NO;
				CLANG_ANALYZER_NONNULL = YES;
				CLANG_ANALYZER_NUMBER_OBJECT_CONVERSION = YES_AGGRESSIVE;
				CLANG_CXX_LANGUAGE_STANDARD = "gnu++20";
				CLANG_ENABLE_MODULES = YES;
				CLANG_ENABLE_OBJC_ARC = YES;
				CLANG_ENABLE_OBJC_WEAK = YES;
				CLANG_WARN_BLOCK_CAPTURE_AUTORELEASING = YES;
				CLANG_WARN_BOOL_CONVERSION = YES;
				CLANG_WARN_COMMA = YES;
				CLANG_WARN_CONSTANT_CONVERSION = YES;
				CLANG_WARN_DEPRECATED_OBJC_IMPLEMENTATIONS = YES;
				CLANG_WARN_DIRECT_OBJC_ISA_USAGE = YES_ERROR;
				CLANG_WARN_DOCUMENTATION_COMMENTS = YES;
				CLANG_WARN_EMPTY_BODY = YES;
				CLANG_WARN_ENUM_CONVERSION = YES;
				CLANG_WARN_INFINITE_RECURSION = YES;
				CLANG_WARN_INT_CONVERSION = YES;
				CLANG_WARN_NON_LITERAL_NULL_CONVERSION = YES;
				CLANG_WARN_OBJC_IMPLICIT_RETAIN_SELF = YES;
				CLANG_WARN_OBJC_LITERAL_CONVERSION = YES;
				CLANG_WARN_OBJC_ROOT_CLASS = YES_ERROR;
				CLANG_WARN_QUOTED_INCLUDE_IN_FRAMEWORK_HEADER = YES;
				CLANG_WARN_RANGE_LOOP_ANALYSIS = YES;
				CLANG_WARN_STRICT_PROTOTYPES = YES;
				CLANG_WARN_SUSPICIOUS_MOVE = YES;
				CLANG_WARN_UNGUARDED_AVAILABILITY = YES_AGGRESSIVE;
				CLANG_WARN_UNREACHABLE_CODE = YES;
				CLANG_WARN__DUPLICATE_METHOD_MATCH = YES;
				COPY_PHASE_STRIP = NO;
				DEBUG_INFORMATION_FORMAT = dwarf;
				ENABLE_STRICT_OBJC_MSGSEND = YES;
				ENABLE_TESTABILITY = YES;
				GCC_C_LANGUAGE_STANDARD = gnu11;
				GCC_DYNAMIC_NO_PIC = NO;
				GCC_NO_COMMON_BLOCKS = YES;
				GCC_OPTIMIZATION_LEVEL = 0;
				GCC_PREPROCESSOR_DEFINITIONS = (
					"DEBUG=1",
					"$(inherited)",
				);
				GCC_WARN_64_TO_32_BIT_CONVERSION = YES;
				GCC_WARN_ABOUT_RETURN_TYPE = YES_ERROR;
				GCC_WARN_UNDECLARED_SELECTOR = YES;
				GCC_WARN_UNINITIALIZED_AUTOS = YES_AGGRESSIVE;
				GCC_WARN_UNUSED_FUNCTION = YES;
				GCC_WARN_UNUSED_VARIABLE = YES;
				IPHONEOS_DEPLOYMENT_TARGET = 16.0;
				MTL_ENABLE_DEBUG_INFO = INCLUDE_SOURCE;
				MTL_FAST_MATH = YES;
				ONLY_ACTIVE_ARCH = YES;
				SDKROOT = iphoneos;
				SWIFT_ACTIVE_COMPILATION_CONDITIONS = DEBUG;
				SWIFT_OPTIMIZATION_LEVEL = "-Onone";
			};
			name = Debug;
		};
		B60EC2E229902ADF00F63D1E /* Release */ = {
			isa = XCBuildConfiguration;
			buildSettings = {
				ALWAYS_SEARCH_USER_PATHS = NO;
				CLANG_ANALYZER_NONNULL = YES;
				CLANG_ANALYZER_NUMBER_OBJECT_CONVERSION = YES_AGGRESSIVE;
				CLANG_CXX_LANGUAGE_STANDARD = "gnu++20";
				CLANG_ENABLE_MODULES = YES;
				CLANG_ENABLE_OBJC_ARC = YES;
				CLANG_ENABLE_OBJC_WEAK = YES;
				CLANG_WARN_BLOCK_CAPTURE_AUTORELEASING = YES;
				CLANG_WARN_BOOL_CONVERSION = YES;
				CLANG_WARN_COMMA = YES;
				CLANG_WARN_CONSTANT_CONVERSION = YES;
				CLANG_WARN_DEPRECATED_OBJC_IMPLEMENTATIONS = YES;
				CLANG_WARN_DIRECT_OBJC_ISA_USAGE = YES_ERROR;
				CLANG_WARN_DOCUMENTATION_COMMENTS = YES;
				CLANG_WARN_EMPTY_BODY = YES;
				CLANG_WARN_ENUM_CONVERSION = YES;
				CLANG_WARN_INFINITE_RECURSION = YES;
				CLANG_WARN_INT_CONVERSION = YES;
				CLANG_WARN_NON_LITERAL_NULL_CONVERSION = YES;
				CLANG_WARN_OBJC_IMPLICIT_RETAIN_SELF = YES;
				CLANG_WARN_OBJC_LITERAL_CONVERSION = YES;
				CLANG_WARN_OBJC_ROOT_CLASS = YES_ERROR;
				CLANG_WARN_QUOTED_INCLUDE_IN_FRAMEWORK_HEADER = YES;
				CLANG_WARN_RANGE_LOOP_ANALYSIS = YES;
				CLANG_WARN_STRICT_PROTOTYPES = YES;
				CLANG_WARN_SUSPICIOUS_MOVE = YES;
				CLANG_WARN_UNGUARDED_AVAILABILITY = YES_AGGRESSIVE;
				CLANG_WARN_UNREACHABLE_CODE = YES;
				CLANG_WARN__DUPLICATE_METHOD_MATCH = YES;
				COPY_PHASE_STRIP = NO;
				DEBUG_INFORMATION_FORMAT = "dwarf-with-dsym";
				ENABLE_NS_ASSERTIONS = NO;
				ENABLE_STRICT_OBJC_MSGSEND = YES;
				GCC_C_LANGUAGE_STANDARD = gnu11;
				GCC_NO_COMMON_BLOCKS = YES;
				GCC_WARN_64_TO_32_BIT_CONVERSION = YES;
				GCC_WARN_ABOUT_RETURN_TYPE = YES_ERROR;
				GCC_WARN_UNDECLARED_SELECTOR = YES;
				GCC_WARN_UNINITIALIZED_AUTOS = YES_AGGRESSIVE;
				GCC_WARN_UNUSED_FUNCTION = YES;
				GCC_WARN_UNUSED_VARIABLE = YES;
				IPHONEOS_DEPLOYMENT_TARGET = 16.0;
				MTL_ENABLE_DEBUG_INFO = NO;
				MTL_FAST_MATH = YES;
				SDKROOT = iphoneos;
				SWIFT_COMPILATION_MODE = wholemodule;
				SWIFT_OPTIMIZATION_LEVEL = "-O";
				VALIDATE_PRODUCT = YES;
			};
			name = Release;
		};
		B60EC2E429902ADF00F63D1E /* Debug */ = {
			isa = XCBuildConfiguration;
			buildSettings = {
				ASSETCATALOG_COMPILER_APPICON_NAME = AppIcon;
				ASSETCATALOG_COMPILER_GLOBAL_ACCENT_COLOR_NAME = AccentColor;
				CODE_SIGN_STYLE = Automatic;
				CURRENT_PROJECT_VERSION = 1;
				DEVELOPMENT_ASSET_PATHS = "\"Assignment Notebook Revived Again/Preview Content\"";
				DEVELOPMENT_TEAM = Y9QJ22KDW7;
				ENABLE_PREVIEWS = YES;
				GENERATE_INFOPLIST_FILE = YES;
				INFOPLIST_KEY_UIApplicationSceneManifest_Generation = YES;
				INFOPLIST_KEY_UIApplicationSupportsIndirectInputEvents = YES;
				INFOPLIST_KEY_UILaunchScreen_Generation = YES;
				INFOPLIST_KEY_UISupportedInterfaceOrientations_iPad = "UIInterfaceOrientationPortrait UIInterfaceOrientationPortraitUpsideDown UIInterfaceOrientationLandscapeLeft UIInterfaceOrientationLandscapeRight";
				INFOPLIST_KEY_UISupportedInterfaceOrientations_iPhone = "UIInterfaceOrientationPortrait UIInterfaceOrientationLandscapeLeft UIInterfaceOrientationLandscapeRight";
				LD_RUNPATH_SEARCH_PATHS = (
					"$(inherited)",
					"@executable_path/Frameworks",
				);
				MARKETING_VERSION = 1.0;
				PRODUCT_BUNDLE_IDENTIFIER = "L.Assignment-Notebook-Revived-Again";
				PRODUCT_NAME = "$(TARGET_NAME)";
				SWIFT_EMIT_LOC_STRINGS = YES;
				SWIFT_VERSION = 5.0;
				TARGETED_DEVICE_FAMILY = "1,2";
			};
			name = Debug;
		};
		B60EC2E529902ADF00F63D1E /* Release */ = {
			isa = XCBuildConfiguration;
			buildSettings = {
				ASSETCATALOG_COMPILER_APPICON_NAME = AppIcon;
				ASSETCATALOG_COMPILER_GLOBAL_ACCENT_COLOR_NAME = AccentColor;
				CODE_SIGN_STYLE = Automatic;
				CURRENT_PROJECT_VERSION = 1;
				DEVELOPMENT_ASSET_PATHS = "\"Assignment Notebook Revived Again/Preview Content\"";
				DEVELOPMENT_TEAM = Y9QJ22KDW7;
				ENABLE_PREVIEWS = YES;
				GENERATE_INFOPLIST_FILE = YES;
				INFOPLIST_KEY_UIApplicationSceneManifest_Generation = YES;
				INFOPLIST_KEY_UIApplicationSupportsIndirectInputEvents = YES;
				INFOPLIST_KEY_UILaunchScreen_Generation = YES;
				INFOPLIST_KEY_UISupportedInterfaceOrientations_iPad = "UIInterfaceOrientationPortrait UIInterfaceOrientationPortraitUpsideDown UIInterfaceOrientationLandscapeLeft UIInterfaceOrientationLandscapeRight";
				INFOPLIST_KEY_UISupportedInterfaceOrientations_iPhone = "UIInterfaceOrientationPortrait UIInterfaceOrientationLandscapeLeft UIInterfaceOrientationLandscapeRight";
				LD_RUNPATH_SEARCH_PATHS = (
					"$(inherited)",
					"@executable_path/Frameworks",
				);
				MARKETING_VERSION = 1.0;
				PRODUCT_BUNDLE_IDENTIFIER = "L.Assignment-Notebook-Revived-Again";
				PRODUCT_NAME = "$(TARGET_NAME)";
				SWIFT_EMIT_LOC_STRINGS = YES;
				SWIFT_VERSION = 5.0;
				TARGETED_DEVICE_FAMILY = "1,2";
			};
			name = Release;
		};
		B60EC2E729902ADF00F63D1E /* Debug */ = {
			isa = XCBuildConfiguration;
			buildSettings = {
				ALWAYS_EMBED_SWIFT_STANDARD_LIBRARIES = YES;
				BUNDLE_LOADER = "$(TEST_HOST)";
				CODE_SIGN_STYLE = Automatic;
				CURRENT_PROJECT_VERSION = 1;
				DEVELOPMENT_TEAM = Y9QJ22KDW7;
				GENERATE_INFOPLIST_FILE = YES;
				IPHONEOS_DEPLOYMENT_TARGET = 16.0;
				MARKETING_VERSION = 1.0;
				PRODUCT_BUNDLE_IDENTIFIER = "L.Assignment-Notebook-Revived-AgainTests";
				PRODUCT_NAME = "$(TARGET_NAME)";
				SWIFT_EMIT_LOC_STRINGS = NO;
				SWIFT_VERSION = 5.0;
				TARGETED_DEVICE_FAMILY = "1,2";
				TEST_HOST = "$(BUILT_PRODUCTS_DIR)/Assignment Notebook Revived Again.app/$(BUNDLE_EXECUTABLE_FOLDER_PATH)/Assignment Notebook Revived Again";
			};
			name = Debug;
		};
		B60EC2E829902ADF00F63D1E /* Release */ = {
			isa = XCBuildConfiguration;
			buildSettings = {
				ALWAYS_EMBED_SWIFT_STANDARD_LIBRARIES = YES;
				BUNDLE_LOADER = "$(TEST_HOST)";
				CODE_SIGN_STYLE = Automatic;
				CURRENT_PROJECT_VERSION = 1;
				DEVELOPMENT_TEAM = Y9QJ22KDW7;
				GENERATE_INFOPLIST_FILE = YES;
				IPHONEOS_DEPLOYMENT_TARGET = 16.0;
				MARKETING_VERSION = 1.0;
				PRODUCT_BUNDLE_IDENTIFIER = "L.Assignment-Notebook-Revived-AgainTests";
				PRODUCT_NAME = "$(TARGET_NAME)";
				SWIFT_EMIT_LOC_STRINGS = NO;
				SWIFT_VERSION = 5.0;
				TARGETED_DEVICE_FAMILY = "1,2";
				TEST_HOST = "$(BUILT_PRODUCTS_DIR)/Assignment Notebook Revived Again.app/$(BUNDLE_EXECUTABLE_FOLDER_PATH)/Assignment Notebook Revived Again";
			};
			name = Release;
		};
		B60EC2EA29902ADF00F63D1E /* Debug */ = {
			isa = XCBuildConfiguration;
			buildSettings = {
				ALWAYS_EMBED_SWIFT_STANDARD_LIBRARIES = YES;
				CODE_SIGN_STYLE = Automatic;
				CURRENT_PROJECT_VERSION = 1;
				DEVELOPMENT_TEAM = Y9QJ22KDW7;
				GENERATE_INFOPLIST_FILE = YES;
				MARKETING_VERSION = 1.0;
				PRODUCT_BUNDLE_IDENTIFIER = "L.Assignment-Notebook-Revived-AgainUITests";
				PRODUCT_NAME = "$(TARGET_NAME)";
				SWIFT_EMIT_LOC_STRINGS = NO;
				SWIFT_VERSION = 5.0;
				TARGETED_DEVICE_FAMILY = "1,2";
				TEST_TARGET_NAME = "Assignment Notebook Revived Again";
			};
			name = Debug;
		};
		B60EC2EB29902ADF00F63D1E /* Release */ = {
			isa = XCBuildConfiguration;
			buildSettings = {
				ALWAYS_EMBED_SWIFT_STANDARD_LIBRARIES = YES;
				CODE_SIGN_STYLE = Automatic;
				CURRENT_PROJECT_VERSION = 1;
				DEVELOPMENT_TEAM = Y9QJ22KDW7;
				GENERATE_INFOPLIST_FILE = YES;
				MARKETING_VERSION = 1.0;
				PRODUCT_BUNDLE_IDENTIFIER = "L.Assignment-Notebook-Revived-AgainUITests";
				PRODUCT_NAME = "$(TARGET_NAME)";
				SWIFT_EMIT_LOC_STRINGS = NO;
				SWIFT_VERSION = 5.0;
				TARGETED_DEVICE_FAMILY = "1,2";
				TEST_TARGET_NAME = "Assignment Notebook Revived Again";
			};
			name = Release;
		};
/* End XCBuildConfiguration section */

/* Begin XCConfigurationList section */
		B60EC2BA29902ADE00F63D1E /* Build configuration list for PBXProject "Assignment Notebook Revived Again" */ = {
			isa = XCConfigurationList;
			buildConfigurations = (
				B60EC2E129902ADF00F63D1E /* Debug */,
				B60EC2E229902ADF00F63D1E /* Release */,
			);
			defaultConfigurationIsVisible = 0;
			defaultConfigurationName = Release;
		};
		B60EC2E329902ADF00F63D1E /* Build configuration list for PBXNativeTarget "Assignment Notebook Revived Again" */ = {
			isa = XCConfigurationList;
			buildConfigurations = (
				B60EC2E429902ADF00F63D1E /* Debug */,
				B60EC2E529902ADF00F63D1E /* Release */,
			);
			defaultConfigurationIsVisible = 0;
			defaultConfigurationName = Release;
		};
		B60EC2E629902ADF00F63D1E /* Build configuration list for PBXNativeTarget "Assignment Notebook Revived AgainTests" */ = {
			isa = XCConfigurationList;
			buildConfigurations = (
				B60EC2E729902ADF00F63D1E /* Debug */,
				B60EC2E829902ADF00F63D1E /* Release */,
			);
			defaultConfigurationIsVisible = 0;
			defaultConfigurationName = Release;
		};
		B60EC2E929902ADF00F63D1E /* Build configuration list for PBXNativeTarget "Assignment Notebook Revived AgainUITests" */ = {
			isa = XCConfigurationList;
			buildConfigurations = (
				B60EC2EA29902ADF00F63D1E /* Debug */,
				B60EC2EB29902ADF00F63D1E /* Release */,
			);
			defaultConfigurationIsVisible = 0;
			defaultConfigurationName = Release;
		};
/* End XCConfigurationList section */
	};
	rootObject = B60EC2B729902ADE00F63D1E /* Project object */;
}
